
Microsoft Visual Studio Solution File, Format Version 12.00
# Visual Studio Version 17
VisualStudioVersion = 17.9.34723.18
MinimumVisualStudioVersion = 10.0.40219.1
Project("{8BC9CEB8-8B4A-11D0-8D11-00A0C91BC942}") = "ElectroGest", "ElectroGest\ElectroGest.vcxproj", "{51C21E2D-BE84-4579-BCD2-409A79C9AD81}"
EndProject
Global
	GlobalSection(SolutionConfigurationPlatforms) = preSolution
		Debug|x64 = Debug|x64
		Debug|x86 = Debug|x86
		Release|x64 = Release|x64
		Release|x86 = Release|x86
	EndGlobalSection
	GlobalSection(ProjectConfigurationPlatforms) = postSolution
		{51C21E2D-BE84-4579-BCD2-409A79C9AD81}.Debug|x64.ActiveCfg = Debug|x64
		{51C21E2D-BE84-4579-BCD2-409A79C9AD81}.Debug|x64.Build.0 = Debug|x64
		{51C21E2D-BE84-4579-BCD2-409A79C9AD81}.Debug|x86.ActiveCfg = Debug|Win32
		{51C21E2D-BE84-4579-BCD2-409A79C9AD81}.Debug|x86.Build.0 = Debug|Win32
		{51C21E2D-BE84-4579-BCD2-409A79C9AD81}.Release|x64.ActiveCfg = Release|x64
		{51C21E2D-BE84-4579-BCD2-409A79C9AD81}.Release|x64.Build.0 = Release|x64
		{51C21E2D-BE84-4579-BCD2-409A79C9AD81}.Release|x86.ActiveCfg = Release|Win32
		{51C21E2D-BE84-4579-BCD2-409A79C9AD81}.Release|x86.Build.0 = Release|Win32
	EndGlobalSection
	GlobalSection(SolutionProperties) = preSolution
		HideSolutionNode = FALSE
	EndGlobalSection
	GlobalSection(ExtensibilityGlobals) = postSolution
		SolutionGuid = {84EBF451-8753-47FD-9EB9-DFD91E64D2FD}
	EndGlobalSection
EndGlobal
