<?xml version="1.0" encoding="utf-8"?>
<Project ToolsVersion="4.0" xmlns="http://schemas.microsoft.com/developer/msbuild/2003">
  <ItemGroup>
    <Filter Include="Archivos de origen">
      <UniqueIdentifier>{4FC737F1-C7A5-4376-A066-2A32D752A2FF}</UniqueIdentifier>
      <Extensions>cpp;c;cc;cxx;c++;cppm;ixx;def;odl;idl;hpj;bat;asm;asmx</Extensions>
    </Filter>
    <Filter Include="Archivos de encabezado">
      <UniqueIdentifier>{93995380-89BD-4b04-88EB-625FBE52EBFB}</UniqueIdentifier>
      <Extensions>h;hh;hpp;hxx;h++;hm;inl;inc;ipp;xsd</Extensions>
    </Filter>
    <Filter Include="Archivos de recursos">
      <UniqueIdentifier>{67DA6AB6-F800-4c08-8B7A-83BB121AAD01}</UniqueIdentifier>
      <Extensions>rc;ico;cur;bmp;dlg;rc2;rct;bin;rgs;gif;jpg;jpeg;jpe;resx;tiff;tif;png;wav;mfcribbon-ms</Extensions>
    </Filter>
  </ItemGroup>
  <ItemGroup>
    <ResourceCompile Include="app.rc">
      <Filter>Archivos de recursos</Filter>
    </ResourceCompile>
  </ItemGroup>
  <ItemGroup>
    <ClInclude Include="Resource.h">
      <Filter>Archivos de encabezado</Filter>
    </ClInclude>
    <ClInclude Include="pch.h">
      <Filter>Archivos de encabezado</Filter>
    </ClInclude>
    <ClInclude Include="menus.h">
      <Filter>Archivos de encabezado</Filter>
    </ClInclude>
    <ClInclude Include="general_variables.h">
      <Filter>Archivos de encabezado</Filter>
    </ClInclude>
    <ClInclude Include="client_class.h">
      <Filter>Archivos de encabezado</Filter>
    </ClInclude>
    <ClInclude Include="product_class.h">
      <Filter>Archivos de encabezado</Filter>
    </ClInclude>
    <ClInclude Include="product_simple_list_class.h">
      <Filter>Archivos de encabezado</Filter>
    </ClInclude>
    <ClInclude Include="product_manager_class.h">
      <Filter>Archivos de encabezado</Filter>
    </ClInclude>
    <ClInclude Include="suppliers_class.h">
      <Filter>Archivos de encabezado</Filter>
    </ClInclude>
    <ClInclude Include="suppliersList.h">
      <Filter>Archivos de encabezado</Filter>
    </ClInclude>
    <ClInclude Include="supplier_manager_class.h">
      <Filter>Archivos de encabezado</Filter>
    </ClInclude>
    <ClInclude Include="product_node_class.h">
      <Filter>Archivos de encabezado</Filter>
    </ClInclude>
    <ClInclude Include="product_management_functions.h">
      <Filter>Archivos de encabezado</Filter>
    </ClInclude>
    <ClInclude Include="suppliersNode.h">
      <Filter>Archivos de encabezado</Filter>
    </ClInclude>
    <ClInclude Include="inventory_management_class.h">
      <Filter>Archivos de encabezado</Filter>
    </ClInclude>
    <ClInclude Include="client_manager_class.h">
      <Filter>Archivos de encabezado</Filter>
    </ClInclude>
    <ClInclude Include="shopping_cart_class.h">
      <Filter>Archivos de encabezado</Filter>
    </ClInclude>
    <ClInclude Include="order_class.h">
      <Filter>Archivos de encabezado</Filter>
    </ClInclude>
    <ClInclude Include="ordering_system_class.h">
      <Filter>Archivos de encabezado</Filter>
    </ClInclude>
    <ClInclude Include="inventory_history_class.h">
      <Filter>Archivos de encabezado</Filter>
    </ClInclude>
  </ItemGroup>
  <ItemGroup>
    <ClCompile Include="ElectroGest.cpp">
      <Filter>Archivos de origen</Filter>
    </ClCompile>
    <ClCompile Include="AssemblyInfo.cpp">
      <Filter>Archivos de origen</Filter>
    </ClCompile>
    <ClCompile Include="pch.cpp">
      <Filter>Archivos de origen</Filter>
    </ClCompile>
    <ClCompile Include="master.cpp">
      <Filter>Archivos de origen</Filter>
    </ClCompile>
  </ItemGroup>
  <ItemGroup>
    <Image Include="app.ico">
      <Filter>Archivos de recursos</Filter>
    </Image>
  </ItemGroup>
  <ItemGroup>
    <Text Include="seller_data.txt">
      <Filter>Archivos de recursos</Filter>
    </Text>
    <Text Include="client_registration.txt">
      <Filter>Archivos de recursos</Filter>
    </Text>
    <Text Include="passwords.txt">
      <Filter>Archivos de recursos</Filter>
    </Text>
    <Text Include="total_products.txt">
      <Filter>Archivos de recursos</Filter>
    </Text>
    <Text Include="supplier_data.txt">
      <Filter>Archivos de recursos</Filter>
    </Text>
    <Text Include="movement_history.txt">
      <Filter>Archivos de recursos</Filter>
    </Text>
    <Text Include="inventory.txt">
      <Filter>Archivos de recursos</Filter>
    </Text>
    <Text Include="orders_processed.txt">
      <Filter>Archivos de recursos</Filter>
    </Text>
    <Text Include="pending_orders.txt">
      <Filter>Archivos de recursos</Filter>
    </Text>
  </ItemGroup>
</Project>